
Microsoft Visual Studio Solution File, Format Version 12.00
# Visual Studio Version 17
VisualStudioVersion = 17.3.32922.545
MinimumVisualStudioVersion = 10.0.40219.1
Project("{FAE04EC0-301F-11D3-BF4B-00C04F79EFBC}") = "APCRTC- Web service", "APCRTC- Web service\APCRTC- Web service.csproj", "{7C2333AD-7473-4D85-9C9C-A028389F9BD2}"
EndProject
Global
	GlobalSection(SolutionConfigurationPlatforms) = preSolution
		Debug|Any CPU = Debug|Any CPU
		Release|Any CPU = Release|Any CPU
	EndGlobalSection
	GlobalSection(ProjectConfigurationPlatforms) = postSolution
		{7C2333AD-7473-4D85-9C9C-A028389F9BD2}.Debug|Any CPU.ActiveCfg = Debug|Any CPU
		{7C2333AD-7473-4D85-9C9C-A028389F9BD2}.Debug|Any CPU.Build.0 = Debug|Any CPU
		{7C2333AD-7473-4D85-9C9C-A028389F9BD2}.Release|Any CPU.ActiveCfg = Release|Any CPU
		{7C2333AD-7473-4D85-9C9C-A028389F9BD2}.Release|Any CPU.Build.0 = Release|Any CPU
	EndGlobalSection
	GlobalSection(SolutionProperties) = preSolution
		HideSolutionNode = FALSE
	EndGlobalSection
	GlobalSection(ExtensibilityGlobals) = postSolution
		SolutionGuid = {D141A9F7-73B4-4E67-B1AE-6A61EA2BF150}
	EndGlobalSection
EndGlobal
